
Microsoft Visual Studio Solution File, Format Version 12.00
# Visual Studio 15
VisualStudioVersion = 15.0.27428.2043
MinimumVisualStudioVersion = 10.0.40219.1
Project("{FAE04EC0-301F-11D3-BF4B-00C04F79EFBC}") = "McvAuth", "McvAuth\McvAuth.csproj", "{B0787DEC-09B4-47E5-89B2-BEB2B97E17C8}"
EndProject
Global
	GlobalSection(SolutionConfigurationPlatforms) = preSolution
		Debug|Any CPU = Debug|Any CPU
		Release|Any CPU = Release|Any CPU
	EndGlobalSection
	GlobalSection(ProjectConfigurationPlatforms) = postSolution
		{B0787DEC-09B4-47E5-89B2-BEB2B97E17C8}.Debug|Any CPU.ActiveCfg = Debug|Any CPU
		{B0787DEC-09B4-47E5-89B2-BEB2B97E17C8}.Debug|Any CPU.Build.0 = Debug|Any CPU
		{B0787DEC-09B4-47E5-89B2-BEB2B97E17C8}.Release|Any CPU.ActiveCfg = Release|Any CPU
		{B0787DEC-09B4-47E5-89B2-BEB2B97E17C8}.Release|Any CPU.Build.0 = Release|Any CPU
	EndGlobalSection
	GlobalSection(SolutionProperties) = preSolution
		HideSolutionNode = FALSE
	EndGlobalSection
	GlobalSection(ExtensibilityGlobals) = postSolution
		SolutionGuid = {51FC83D8-F0E1-4C8A-9CC0-C2E6BBF87515}
	EndGlobalSection
EndGlobal
